
Microsoft Visual Studio Solution File, Format Version 12.00
# Visual Studio Version 16
VisualStudioVersion = 16.0.31911.196
MinimumVisualStudioVersion = 10.0.40219.1
Project("{FAE04EC0-301F-11D3-BF4B-00C04F79EFBC}") = "Producer.Worker", "Producer.Worker\Producer.Worker.csproj", "{DAC4F6B0-CF45-44CD-827D-0752ED1C5808}"
EndProject
Project("{9A19103F-16F7-4668-BE54-9A1E7A4F7556}") = "Consumer.Core", "..\Consumer\Consumer.Core\Consumer.Core.csproj", "{5470329B-685F-4B41-A0A2-7546659E2F54}"
EndProject
Global
	GlobalSection(SolutionConfigurationPlatforms) = preSolution
		Debug|Any CPU = Debug|Any CPU
		Release|Any CPU = Release|Any CPU
	EndGlobalSection
	GlobalSection(ProjectConfigurationPlatforms) = postSolution
		{DAC4F6B0-CF45-44CD-827D-0752ED1C5808}.Debug|Any CPU.ActiveCfg = Debug|Any CPU
		{DAC4F6B0-CF45-44CD-827D-0752ED1C5808}.Debug|Any CPU.Build.0 = Debug|Any CPU
		{DAC4F6B0-CF45-44CD-827D-0752ED1C5808}.Release|Any CPU.ActiveCfg = Release|Any CPU
		{DAC4F6B0-CF45-44CD-827D-0752ED1C5808}.Release|Any CPU.Build.0 = Release|Any CPU
		{5470329B-685F-4B41-A0A2-7546659E2F54}.Debug|Any CPU.ActiveCfg = Debug|Any CPU
		{5470329B-685F-4B41-A0A2-7546659E2F54}.Debug|Any CPU.Build.0 = Debug|Any CPU
		{5470329B-685F-4B41-A0A2-7546659E2F54}.Release|Any CPU.ActiveCfg = Release|Any CPU
		{5470329B-685F-4B41-A0A2-7546659E2F54}.Release|Any CPU.Build.0 = Release|Any CPU
	EndGlobalSection
	GlobalSection(SolutionProperties) = preSolution
		HideSolutionNode = FALSE
	EndGlobalSection
	GlobalSection(ExtensibilityGlobals) = postSolution
		SolutionGuid = {00D2097E-3581-4DDE-BD7A-48BA2146CAFE}
	EndGlobalSection
EndGlobal
